{
    "_readme": [
        "This file locks the dependencies of your project to a known state",
        "Read more about it at https://getcomposer.org/doc/01-basic-usage.md#installing-dependencies",
        "This file is @generated automatically"
    ],
    "content-hash": "3e1f6948bb727bedf57aff629d6025a4",
    "packages": [
        {
            "name": "neylton/database",
            "version": "v1.0.1",
            "source": {
                "type": "git",
                "url": "https://github.com/neylton/database.git",
                "reference": "4d749ed8ac26935e6d482acffb8b3ef1c0e570af"
            },
            "dist": {
                "type": "zip",
                "url": "https://api.github.com/repos/neylton/database/zipball/4d749ed8ac26935e6d482acffb8b3ef1c0e570af",
                "reference": "4d749ed8ac26935e6d482acffb8b3ef1c0e570af",
                "shasum": ""
            },
            "require": {
                "php": ">=7.4"
            },
            "type": "library",
            "autoload": {
                "psr-4": {
                    "Database\\": "src/"
                }
            },
            "notification-url": "https://packagist.org/downloads/",
            "license": [
                "MIT"
            ],
            "authors": [
                {
                    "name": "Neylton Benjamim",
                    "email": "neylton.b@hotmail.com",
                    "role": "Developer"
                }
            ],
            "description": "Gerenciamento de banco de dados mysql, padrão Record active e layer supertype",
            "time": "2020-08-17T11:36:22+00:00"
        }
    ],
    "packages-dev": [],
    "aliases": [],
    "minimum-stability": "stable",
    "stability-flags": [],
    "prefer-stable": false,
    "prefer-lowest": false,
    "platform": [],
    "platform-dev": []
}
